
Microsoft Visual Studio Solution File, Format Version 12.00
# Visual Studio Version 17
VisualStudioVersion = 17.2.32519.379
MinimumVisualStudioVersion = 10.0.40219.1
Project("{FAE04EC0-301F-11D3-BF4B-00C04F79EFBC}") = "WindowsForms", "WindowsForms\WindowsForms.csproj", "{FF6E5042-3F88-4815-A603-A505D6BD926D}"
EndProject
Global
	GlobalSection(SolutionConfigurationPlatforms) = preSolution
		Debug|Any CPU = Debug|Any CPU
		Release|Any CPU = Release|Any CPU
	EndGlobalSection
	GlobalSection(ProjectConfigurationPlatforms) = postSolution
		{FF6E5042-3F88-4815-A603-A505D6BD926D}.Debug|Any CPU.ActiveCfg = Debug|Any CPU
		{FF6E5042-3F88-4815-A603-A505D6BD926D}.Debug|Any CPU.Build.0 = Debug|Any CPU
		{FF6E5042-3F88-4815-A603-A505D6BD926D}.Release|Any CPU.ActiveCfg = Release|Any CPU
		{FF6E5042-3F88-4815-A603-A505D6BD926D}.Release|Any CPU.Build.0 = Release|Any CPU
	EndGlobalSection
	GlobalSection(SolutionProperties) = preSolution
		HideSolutionNode = FALSE
	EndGlobalSection
	GlobalSection(ExtensibilityGlobals) = postSolution
		SolutionGuid = {DA34B811-DE4F-4708-A391-6F8CAE17D1DD}
	EndGlobalSection
EndGlobal
